
Microsoft Visual Studio Solution File, Format Version 12.00
# Visual Studio 15
VisualStudioVersion = 15.0.28307.168
MinimumVisualStudioVersion = 10.0.40219.1
Project("{FAE04EC0-301F-11D3-BF4B-00C04F79EFBC}") = "730317", "730317\730317.csproj", "{8BB3F792-541D-48C4-AB77-92309EC0DFE7}"
EndProject
Global
	GlobalSection(SolutionConfigurationPlatforms) = preSolution
		Debug|Any CPU = Debug|Any CPU
		Release|Any CPU = Release|Any CPU
	EndGlobalSection
	GlobalSection(ProjectConfigurationPlatforms) = postSolution
		{8BB3F792-541D-48C4-AB77-92309EC0DFE7}.Debug|Any CPU.ActiveCfg = Debug|Any CPU
		{8BB3F792-541D-48C4-AB77-92309EC0DFE7}.Debug|Any CPU.Build.0 = Debug|Any CPU
		{8BB3F792-541D-48C4-AB77-92309EC0DFE7}.Release|Any CPU.ActiveCfg = Release|Any CPU
		{8BB3F792-541D-48C4-AB77-92309EC0DFE7}.Release|Any CPU.Build.0 = Release|Any CPU
	EndGlobalSection
	GlobalSection(SolutionProperties) = preSolution
		HideSolutionNode = FALSE
	EndGlobalSection
	GlobalSection(ExtensibilityGlobals) = postSolution
		SolutionGuid = {4FCBEB0A-25BC-4625-BAD0-CDCA1395BE3A}
	EndGlobalSection
EndGlobal
